// !$*UTF8*$!
{
	archiveVersion = 1;
	classes = {
	};
	objectVersion = 77;
	objects = {

/* Begin PBXBuildFile section */
		A59AF8F62EAAB44A007A135F /* FirebaseCore in Frameworks */ = {isa = PBXBuildFile; productRef = A59AF8F52EAAB44A007A135F /* FirebaseCore */; };
		A59AF8F82EAAB44A007A135F /* FirebaseFirestore in Frameworks */ = {isa = PBXBuildFile; productRef = A59AF8F72EAAB44A007A135F /* FirebaseFirestore */; };
/* End PBXBuildFile section */

/* Begin PBXContainerItemProxy section */
		A5BF59F52EA921950000C434 /* PBXContainerItemProxy */ = {
			isa = PBXContainerItemProxy;
			containerPortal = A5BF59D72EA921940000C434 /* Project object */;
			proxyType = 1;
			remoteGlobalIDString = A5BF59DE2EA921940000C434;
			remoteInfo = PerfomanceTracker;
		};
		A5BF59FF2EA921950000C434 /* PBXContainerItemProxy */ = {
			isa = PBXContainerItemProxy;
			containerPortal = A5BF59D72EA921940000C434 /* Project object */;
			proxyType = 1;
			remoteGlobalIDString = A5BF59DE2EA921940000C434;
			remoteInfo = PerfomanceTracker;
		};
/* End PBXContainerItemProxy section */

/* Begin PBXFileReference section */
		A5BF59DF2EA921940000C434 /* PerformanceTracker.app */ = {isa = PBXFileReference; explicitFileType = wrapper.application; includeInIndex = 0; path = PerformanceTracker.app; sourceTree = BUILT_PRODUCTS_DIR; };
		A5BF59F42EA921950000C434 /* PerformanceTrackerTests.xctest */ = {isa = PBXFileReference; explicitFileType = wrapper.cfbundle; includeInIndex = 0; path = PerformanceTrackerTests.xctest; sourceTree = BUILT_PRODUCTS_DIR; };
		A5BF59FE2EA921950000C434 /* PerformanceTrackerUITests.xctest */ = {isa = PBXFileReference; explicitFileType = wrapper.cfbundle; includeInIndex = 0; path = PerformanceTrackerUITests.xctest; sourceTree = BUILT_PRODUCTS_DIR; };
/* End PBXFileReference section */

/* Begin PBXFileSystemSynchronizedRootGroup section */
		A58090FB2EAE89B700413573 /* Localizations */ = {
			isa = PBXFileSystemSynchronizedRootGroup;
			path = Localizations;
			sourceTree = "<group>";
		};
		A5BF59E12EA921940000C434 /* PerformanceTracker */ = {
			isa = PBXFileSystemSynchronizedRootGroup;
			path = PerformanceTracker;
			sourceTree = "<group>";
		};
		A5BF59F72EA921950000C434 /* PerformanceTrackerTests */ = {
			isa = PBXFileSystemSynchronizedRootGroup;
			path = PerformanceTrackerTests;
			sourceTree = "<group>";
		};
		A5BF5A012EA921950000C434 /* PerformanceTrackerUITests */ = {
			isa = PBXFileSystemSynchronizedRootGroup;
			path = PerformanceTrackerUITests;
			sourceTree = "<group>";
		};
/* End PBXFileSystemSynchronizedRootGroup section */

/* Begin PBXFrameworksBuildPhase section */
		A5BF59DC2EA921940000C434 /* Frameworks */ = {
			isa = PBXFrameworksBuildPhase;
			buildActionMask = 2147483647;
			files = (
				A59AF8F62EAAB44A007A135F /* FirebaseCore in Frameworks */,
				A59AF8F82EAAB44A007A135F /* FirebaseFirestore in Frameworks */,
			);
			runOnlyForDeploymentPostprocessing = 0;
		};
		A5BF59F12EA921950000C434 /* Frameworks */ = {
			isa = PBXFrameworksBuildPhase;
			buildActionMask = 2147483647;
			files = (
			);
			runOnlyForDeploymentPostprocessing = 0;
		};
		A5BF59FB2EA921950000C434 /* Frameworks */ = {
			isa = PBXFrameworksBuildPhase;
			buildActionMask = 2147483647;
			files = (
			);
			runOnlyForDeploymentPostprocessing = 0;
		};
/* End PBXFrameworksBuildPhase section */

/* Begin PBXGroup section */
		A59AF8FB2EAABB93007A135F /* Frameworks */ = {
			isa = PBXGroup;
			children = (
			);
			name = Frameworks;
			sourceTree = "<group>";
		};
		A5BF59D62EA921940000C434 = {
			isa = PBXGroup;
			children = (
				A58090FB2EAE89B700413573 /* Localizations */,
				A5BF59E12EA921940000C434 /* PerformanceTracker */,
				A5BF59F72EA921950000C434 /* PerformanceTrackerTests */,
				A5BF5A012EA921950000C434 /* PerformanceTrackerUITests */,
				A59AF8FB2EAABB93007A135F /* Frameworks */,
				A5BF59E02EA921940000C434 /* Products */,
			);
			sourceTree = "<group>";
		};
		A5BF59E02EA921940000C434 /* Products */ = {
			isa = PBXGroup;
			children = (
				A5BF59DF2EA921940000C434 /* PerformanceTracker.app */,
				A5BF59F42EA921950000C434 /* PerformanceTrackerTests.xctest */,
				A5BF59FE2EA921950000C434 /* PerformanceTrackerUITests.xctest */,
			);
			name = Products;
			sourceTree = "<group>";
		};
/* End PBXGroup section */

/* Begin PBXNativeTarget section */
		A5BF59DE2EA921940000C434 /* PerformanceTracker */ = {
			isa = PBXNativeTarget;
			buildConfigurationList = A5BF5A082EA921950000C434 /* Build configuration list for PBXNativeTarget "PerformanceTracker" */;
			buildPhases = (
				A5BF59DB2EA921940000C434 /* Sources */,
				A5BF59DC2EA921940000C434 /* Frameworks */,
				A5BF59DD2EA921940000C434 /* Resources */,
			);
			buildRules = (
			);
			dependencies = (
			);
			fileSystemSynchronizedGroups = (
				A58090FB2EAE89B700413573 /* Localizations */,
				A5BF59E12EA921940000C434 /* PerformanceTracker */,
			);
			name = PerformanceTracker;
			packageProductDependencies = (
				A59AF8F52EAAB44A007A135F /* FirebaseCore */,
				A59AF8F72EAAB44A007A135F /* FirebaseFirestore */,
			);
			productName = PerfomanceTracker;
			productReference = A5BF59DF2EA921940000C434 /* PerformanceTracker.app */;
			productType = "com.apple.product-type.application";
		};
		A5BF59F32EA921950000C434 /* PerformanceTrackerTests */ = {
			isa = PBXNativeTarget;
			buildConfigurationList = A5BF5A0B2EA921950000C434 /* Build configuration list for PBXNativeTarget "PerformanceTrackerTests" */;
			buildPhases = (
				A5BF59F02EA921950000C434 /* Sources */,
				A5BF59F12EA921950000C434 /* Frameworks */,
				A5BF59F22EA921950000C434 /* Resources */,
			);
			buildRules = (
			);
			dependencies = (
				A5BF59F62EA921950000C434 /* PBXTargetDependency */,
			);
			fileSystemSynchronizedGroups = (
				A5BF59F72EA921950000C434 /* PerformanceTrackerTests */,
			);
			name = PerformanceTrackerTests;
			packageProductDependencies = (
			);
			productName = PerfomanceTrackerTests;
			productReference = A5BF59F42EA921950000C434 /* PerformanceTrackerTests.xctest */;
			productType = "com.apple.product-type.bundle.unit-test";
		};
		A5BF59FD2EA921950000C434 /* PerformanceTrackerUITests */ = {
			isa = PBXNativeTarget;
			buildConfigurationList = A5BF5A0E2EA921950000C434 /* Build configuration list for PBXNativeTarget "PerformanceTrackerUITests" */;
			buildPhases = (
				A5BF59FA2EA921950000C434 /* Sources */,
				A5BF59FB2EA921950000C434 /* Frameworks */,
				A5BF59FC2EA921950000C434 /* Resources */,
			);
			buildRules = (
			);
			dependencies = (
				A5BF5A002EA921950000C434 /* PBXTargetDependency */,
			);
			fileSystemSynchronizedGroups = (
				A5BF5A012EA921950000C434 /* PerformanceTrackerUITests */,
			);
			name = PerformanceTrackerUITests;
			packageProductDependencies = (
			);
			productName = PerfomanceTrackerUITests;
			productReference = A5BF59FE2EA921950000C434 /* PerformanceTrackerUITests.xctest */;
			productType = "com.apple.product-type.bundle.ui-testing";
		};
/* End PBXNativeTarget section */

/* Begin PBXProject section */
		A5BF59D72EA921940000C434 /* Project object */ = {
			isa = PBXProject;
			attributes = {
				BuildIndependentTargetsInParallel = 1;
				LastSwiftUpdateCheck = 1610;
				LastUpgradeCheck = 1610;
				TargetAttributes = {
					A5BF59DE2EA921940000C434 = {
						CreatedOnToolsVersion = 16.1;
					};
					A5BF59F32EA921950000C434 = {
						CreatedOnToolsVersion = 16.1;
						TestTargetID = A5BF59DE2EA921940000C434;
					};
					A5BF59FD2EA921950000C434 = {
						CreatedOnToolsVersion = 16.1;
						TestTargetID = A5BF59DE2EA921940000C434;
					};
				};
			};
			buildConfigurationList = A5BF59DA2EA921940000C434 /* Build configuration list for PBXProject "PerformanceTracker" */;
			developmentRegion = en;
			hasScannedForEncodings = 0;
			knownRegions = (
				en,
				Base,
				cs,
			);
			mainGroup = A5BF59D62EA921940000C434;
			minimizedProjectReferenceProxies = 1;
			packageReferences = (
				A59AF8F42EAAB44A007A135F /* XCRemoteSwiftPackageReference "firebase-ios-sdk" */,
			);
			preferredProjectObjectVersion = 77;
			productRefGroup = A5BF59E02EA921940000C434 /* Products */;
			projectDirPath = "";
			projectRoot = "";
			targets = (
				A5BF59DE2EA921940000C434 /* PerformanceTracker */,
				A5BF59F32EA921950000C434 /* PerformanceTrackerTests */,
				A5BF59FD2EA921950000C434 /* PerformanceTrackerUITests */,
			);
		};
/* End PBXProject section */

/* Begin PBXResourcesBuildPhase section */
		A5BF59DD2EA921940000C434 /* Resources */ = {
			isa = PBXResourcesBuildPhase;
			buildActionMask = 2147483647;
			files = (
			);
			runOnlyForDeploymentPostprocessing = 0;
		};
		A5BF59F22EA921950000C434 /* Resources */ = {
			isa = PBXResourcesBuildPhase;
			buildActionMask = 2147483647;
			files = (
			);
			runOnlyForDeploymentPostprocessing = 0;
		};
		A5BF59FC2EA921950000C434 /* Resources */ = {
			isa = PBXResourcesBuildPhase;
			buildActionMask = 2147483647;
			files = (
			);
			runOnlyForDeploymentPostprocessing = 0;
		};
/* End PBXResourcesBuildPhase section */

/* Begin PBXSourcesBuildPhase section */
		A5BF59DB2EA921940000C434 /* Sources */ = {
			isa = PBXSourcesBuildPhase;
			buildActionMask = 2147483647;
			files = (
			);
			runOnlyForDeploymentPostprocessing = 0;
		};
		A5BF59F02EA921950000C434 /* Sources */ = {
			isa = PBXSourcesBuildPhase;
			buildActionMask = 2147483647;
			files = (
			);
			runOnlyForDeploymentPostprocessing = 0;
		};
		A5BF59FA2EA921950000C434 /* Sources */ = {
			isa = PBXSourcesBuildPhase;
			buildActionMask = 2147483647;
			files = (
			);
			runOnlyForDeploymentPostprocessing = 0;
		};
/* End PBXSourcesBuildPhase section */

/* Begin PBXTargetDependency section */
		A5BF59F62EA921950000C434 /* PBXTargetDependency */ = {
			isa = PBXTargetDependency;
			target = A5BF59DE2EA921940000C434 /* PerformanceTracker */;
			targetProxy = A5BF59F52EA921950000C434 /* PBXContainerItemProxy */;
		};
		A5BF5A002EA921950000C434 /* PBXTargetDependency */ = {
			isa = PBXTargetDependency;
			target = A5BF59DE2EA921940000C434 /* PerformanceTracker */;
			targetProxy = A5BF59FF2EA921950000C434 /* PBXContainerItemProxy */;
		};
/* End PBXTargetDependency section */

/* Begin XCBuildConfiguration section */
		A5BF5A062EA921950000C434 /* Debug */ = {
			isa = XCBuildConfiguration;
			buildSettings = {
				ALWAYS_SEARCH_USER_PATHS = NO;
				ASSETCATALOG_COMPILER_GENERATE_SWIFT_ASSET_SYMBOL_EXTENSIONS = YES;
				CLANG_ANALYZER_LOCALIZABILITY_NONLOCALIZED = YES;
				CLANG_ANALYZER_NONNULL = YES;
				CLANG_ANALYZER_NUMBER_OBJECT_CONVERSION = YES_AGGRESSIVE;
				CLANG_CXX_LANGUAGE_STANDARD = "gnu++20";
				CLANG_ENABLE_MODULES = YES;
				CLANG_ENABLE_OBJC_ARC = YES;
				CLANG_ENABLE_OBJC_WEAK = YES;
				CLANG_WARN_BLOCK_CAPTURE_AUTORELEASING = YES;
				CLANG_WARN_BOOL_CONVERSION = YES;
				CLANG_WARN_COMMA = YES;
				CLANG_WARN_CONSTANT_CONVERSION = YES;
				CLANG_WARN_DEPRECATED_OBJC_IMPLEMENTATIONS = YES;
				CLANG_WARN_DIRECT_OBJC_ISA_USAGE = YES_ERROR;
				CLANG_WARN_DOCUMENTATION_COMMENTS = YES;
				CLANG_WARN_EMPTY_BODY = YES;
				CLANG_WARN_ENUM_CONVERSION = YES;
				CLANG_WARN_INFINITE_RECURSION = YES;
				CLANG_WARN_INT_CONVERSION = YES;
				CLANG_WARN_NON_LITERAL_NULL_CONVERSION = YES;
				CLANG_WARN_OBJC_IMPLICIT_RETAIN_SELF = YES;
				CLANG_WARN_OBJC_LITERAL_CONVERSION = YES;
				CLANG_WARN_OBJC_ROOT_CLASS = YES_ERROR;
				CLANG_WARN_QUOTED_INCLUDE_IN_FRAMEWORK_HEADER = YES;
				CLANG_WARN_RANGE_LOOP_ANALYSIS = YES;
				CLANG_WARN_STRICT_PROTOTYPES = YES;
				CLANG_WARN_SUSPICIOUS_MOVE = YES;
				CLANG_WARN_UNGUARDED_AVAILABILITY = YES_AGGRESSIVE;
				CLANG_WARN_UNREACHABLE_CODE = YES;
				CLANG_WARN__DUPLICATE_METHOD_MATCH = YES;
				COPY_PHASE_STRIP = NO;
				DEBUG_INFORMATION_FORMAT = dwarf;
				ENABLE_STRICT_OBJC_MSGSEND = YES;
				ENABLE_TESTABILITY = YES;
				ENABLE_USER_SCRIPT_SANDBOXING = YES;
				GCC_C_LANGUAGE_STANDARD = gnu17;
				GCC_DYNAMIC_NO_PIC = NO;
				GCC_NO_COMMON_BLOCKS = YES;
				GCC_OPTIMIZATION_LEVEL = 0;
				GCC_PREPROCESSOR_DEFINITIONS = (
					"DEBUG=1",
					"$(inherited)",
				);
				GCC_WARN_64_TO_32_BIT_CONVERSION = YES;
				GCC_WARN_ABOUT_RETURN_TYPE = YES_ERROR;
				GCC_WARN_UNDECLARED_SELECTOR = YES;
				GCC_WARN_UNINITIALIZED_AUTOS = YES_AGGRESSIVE;
				GCC_WARN_UNUSED_FUNCTION = YES;
				GCC_WARN_UNUSED_VARIABLE = YES;
				IPHONEOS_DEPLOYMENT_TARGET = 18.1;
				LOCALIZATION_PREFERS_STRING_CATALOGS = YES;
				MTL_ENABLE_DEBUG_INFO = INCLUDE_SOURCE;
				MTL_FAST_MATH = YES;
				ONLY_ACTIVE_ARCH = YES;
				SDKROOT = iphoneos;
				SWIFT_ACTIVE_COMPILATION_CONDITIONS = "DEBUG $(inherited)";
				SWIFT_OPTIMIZATION_LEVEL = "-Onone";
			};
			name = Debug;
		};
		A5BF5A072EA921950000C434 /* Release */ = {
			isa = XCBuildConfiguration;
			buildSettings = {
				ALWAYS_SEARCH_USER_PATHS = NO;
				ASSETCATALOG_COMPILER_GENERATE_SWIFT_ASSET_SYMBOL_EXTENSIONS = YES;
				CLANG_ANALYZER_LOCALIZABILITY_NONLOCALIZED = YES;
				CLANG_ANALYZER_NONNULL = YES;
				CLANG_ANALYZER_NUMBER_OBJECT_CONVERSION = YES_AGGRESSIVE;
				CLANG_CXX_LANGUAGE_STANDARD = "gnu++20";
				CLANG_ENABLE_MODULES = YES;
				CLANG_ENABLE_OBJC_ARC = YES;
				CLANG_ENABLE_OBJC_WEAK = YES;
				CLANG_WARN_BLOCK_CAPTURE_AUTORELEASING = YES;
				CLANG_WARN_BOOL_CONVERSION = YES;
				CLANG_WARN_COMMA = YES;
				CLANG_WARN_CONSTANT_CONVERSION = YES;
				CLANG_WARN_DEPRECATED_OBJC_IMPLEMENTATIONS = YES;
				CLANG_WARN_DIRECT_OBJC_ISA_USAGE = YES_ERROR;
				CLANG_WARN_DOCUMENTATION_COMMENTS = YES;
				CLANG_WARN_EMPTY_BODY = YES;
				CLANG_WARN_ENUM_CONVERSION = YES;
				CLANG_WARN_INFINITE_RECURSION = YES;
				CLANG_WARN_INT_CONVERSION = YES;
				CLANG_WARN_NON_LITERAL_NULL_CONVERSION = YES;
				CLANG_WARN_OBJC_IMPLICIT_RETAIN_SELF = YES;
				CLANG_WARN_OBJC_LITERAL_CONVERSION = YES;
				CLANG_WARN_OBJC_ROOT_CLASS = YES_ERROR;
				CLANG_WARN_QUOTED_INCLUDE_IN_FRAMEWORK_HEADER = YES;
				CLANG_WARN_RANGE_LOOP_ANALYSIS = YES;
				CLANG_WARN_STRICT_PROTOTYPES = YES;
				CLANG_WARN_SUSPICIOUS_MOVE = YES;
				CLANG_WARN_UNGUARDED_AVAILABILITY = YES_AGGRESSIVE;
				CLANG_WARN_UNREACHABLE_CODE = YES;
				CLANG_WARN__DUPLICATE_METHOD_MATCH = YES;
				COPY_PHASE_STRIP = NO;
				DEBUG_INFORMATION_FORMAT = "dwarf-with-dsym";
				ENABLE_NS_ASSERTIONS = NO;
				ENABLE_STRICT_OBJC_MSGSEND = YES;
				ENABLE_USER_SCRIPT_SANDBOXING = YES;
				GCC_C_LANGUAGE_STANDARD = gnu17;
				GCC_NO_COMMON_BLOCKS = YES;
				GCC_WARN_64_TO_32_BIT_CONVERSION = YES;
				GCC_WARN_ABOUT_RETURN_TYPE = YES_ERROR;
				GCC_WARN_UNDECLARED_SELECTOR = YES;
				GCC_WARN_UNINITIALIZED_AUTOS = YES_AGGRESSIVE;
				GCC_WARN_UNUSED_FUNCTION = YES;
				GCC_WARN_UNUSED_VARIABLE = YES;
				IPHONEOS_DEPLOYMENT_TARGET = 18.1;
				LOCALIZATION_PREFERS_STRING_CATALOGS = YES;
				MTL_ENABLE_DEBUG_INFO = NO;
				MTL_FAST_MATH = YES;
				SDKROOT = iphoneos;
				SWIFT_COMPILATION_MODE = wholemodule;
				VALIDATE_PRODUCT = YES;
			};
			name = Release;
		};
		A5BF5A092EA921950000C434 /* Debug */ = {
			isa = XCBuildConfiguration;
			buildSettings = {
				ASSETCATALOG_COMPILER_APPICON_NAME = AppIcon;
				ASSETCATALOG_COMPILER_GLOBAL_ACCENT_COLOR_NAME = AccentColor;
				CODE_SIGN_STYLE = Automatic;
				CURRENT_PROJECT_VERSION = 1;
				DEVELOPMENT_ASSET_PATHS = "\"PerformanceTracker/Preview Content\"";
				ENABLE_PREVIEWS = YES;
				GENERATE_INFOPLIST_FILE = YES;
				INFOPLIST_KEY_UIApplicationSceneManifest_Generation = YES;
				INFOPLIST_KEY_UIApplicationSupportsIndirectInputEvents = YES;
				INFOPLIST_KEY_UILaunchScreen_Generation = YES;
				INFOPLIST_KEY_UISupportedInterfaceOrientations = "UIInterfaceOrientationLandscapeLeft UIInterfaceOrientationLandscapeRight UIInterfaceOrientationPortrait UIInterfaceOrientationPortraitUpsideDown";
				LD_RUNPATH_SEARCH_PATHS = (
					"$(inherited)",
					"@executable_path/Frameworks",
				);
				MARKETING_VERSION = 1.0;
				PRODUCT_BUNDLE_IDENTIFIER = com.SK.PerformanceTracker;
				PRODUCT_NAME = "$(TARGET_NAME)";
				SWIFT_EMIT_LOC_STRINGS = YES;
				SWIFT_VERSION = 5.0;
				TARGETED_DEVICE_FAMILY = "1,2";
			};
			name = Debug;
		};
		A5BF5A0A2EA921950000C434 /* Release */ = {
			isa = XCBuildConfiguration;
			buildSettings = {
				ASSETCATALOG_COMPILER_APPICON_NAME = AppIcon;
				ASSETCATALOG_COMPILER_GLOBAL_ACCENT_COLOR_NAME = AccentColor;
				CODE_SIGN_STYLE = Automatic;
				CURRENT_PROJECT_VERSION = 1;
				DEVELOPMENT_ASSET_PATHS = "\"PerformanceTracker/Preview Content\"";
				ENABLE_PREVIEWS = YES;
				GENERATE_INFOPLIST_FILE = YES;
				INFOPLIST_KEY_UIApplicationSceneManifest_Generation = YES;
				INFOPLIST_KEY_UIApplicationSupportsIndirectInputEvents = YES;
				INFOPLIST_KEY_UILaunchScreen_Generation = YES;
				INFOPLIST_KEY_UISupportedInterfaceOrientations = "UIInterfaceOrientationLandscapeLeft UIInterfaceOrientationLandscapeRight UIInterfaceOrientationPortrait UIInterfaceOrientationPortraitUpsideDown";
				LD_RUNPATH_SEARCH_PATHS = (
					"$(inherited)",
					"@executable_path/Frameworks",
				);
				MARKETING_VERSION = 1.0;
				PRODUCT_BUNDLE_IDENTIFIER = com.SK.PerformanceTracker;
				PRODUCT_NAME = "$(TARGET_NAME)";
				SWIFT_EMIT_LOC_STRINGS = YES;
				SWIFT_VERSION = 5.0;
				TARGETED_DEVICE_FAMILY = "1,2";
			};
			name = Release;
		};
		A5BF5A0C2EA921950000C434 /* Debug */ = {
			isa = XCBuildConfiguration;
			buildSettings = {
				BUNDLE_LOADER = "$(TEST_HOST)";
				CODE_SIGN_STYLE = Automatic;
				CURRENT_PROJECT_VERSION = 1;
				GENERATE_INFOPLIST_FILE = YES;
				IPHONEOS_DEPLOYMENT_TARGET = 18.1;
				MARKETING_VERSION = 1.0;
				PRODUCT_BUNDLE_IDENTIFIER = test.PerfomanceTrackerTests;
				PRODUCT_NAME = "$(TARGET_NAME)";
				SWIFT_EMIT_LOC_STRINGS = NO;
				SWIFT_VERSION = 5.0;
				TARGETED_DEVICE_FAMILY = "1,2";
				TEST_HOST = "$(BUILT_PRODUCTS_DIR)/PerformanceTracker.app/$(BUNDLE_EXECUTABLE_FOLDER_PATH)/PerformanceTracker";
			};
			name = Debug;
		};
		A5BF5A0D2EA921950000C434 /* Release */ = {
			isa = XCBuildConfiguration;
			buildSettings = {
				BUNDLE_LOADER = "$(TEST_HOST)";
				CODE_SIGN_STYLE = Automatic;
				CURRENT_PROJECT_VERSION = 1;
				GENERATE_INFOPLIST_FILE = YES;
				IPHONEOS_DEPLOYMENT_TARGET = 18.1;
				MARKETING_VERSION = 1.0;
				PRODUCT_BUNDLE_IDENTIFIER = test.PerfomanceTrackerTests;
				PRODUCT_NAME = "$(TARGET_NAME)";
				SWIFT_EMIT_LOC_STRINGS = NO;
				SWIFT_VERSION = 5.0;
				TARGETED_DEVICE_FAMILY = "1,2";
				TEST_HOST = "$(BUILT_PRODUCTS_DIR)/PerformanceTracker.app/$(BUNDLE_EXECUTABLE_FOLDER_PATH)/PerformanceTracker";
			};
			name = Release;
		};
		A5BF5A0F2EA921950000C434 /* Debug */ = {
			isa = XCBuildConfiguration;
			buildSettings = {
				CODE_SIGN_STYLE = Automatic;
				CURRENT_PROJECT_VERSION = 1;
				GENERATE_INFOPLIST_FILE = YES;
				MARKETING_VERSION = 1.0;
				PRODUCT_BUNDLE_IDENTIFIER = test.PerfomanceTrackerUITests;
				PRODUCT_NAME = "$(TARGET_NAME)";
				SWIFT_EMIT_LOC_STRINGS = NO;
				SWIFT_VERSION = 5.0;
				TARGETED_DEVICE_FAMILY = "1,2";
				TEST_TARGET_NAME = PerfomanceTracker;
			};
			name = Debug;
		};
		A5BF5A102EA921950000C434 /* Release */ = {
			isa = XCBuildConfiguration;
			buildSettings = {
				CODE_SIGN_STYLE = Automatic;
				CURRENT_PROJECT_VERSION = 1;
				GENERATE_INFOPLIST_FILE = YES;
				MARKETING_VERSION = 1.0;
				PRODUCT_BUNDLE_IDENTIFIER = test.PerfomanceTrackerUITests;
				PRODUCT_NAME = "$(TARGET_NAME)";
				SWIFT_EMIT_LOC_STRINGS = NO;
				SWIFT_VERSION = 5.0;
				TARGETED_DEVICE_FAMILY = "1,2";
				TEST_TARGET_NAME = PerfomanceTracker;
			};
			name = Release;
		};
/* End XCBuildConfiguration section */

/* Begin XCConfigurationList section */
		A5BF59DA2EA921940000C434 /* Build configuration list for PBXProject "PerformanceTracker" */ = {
			isa = XCConfigurationList;
			buildConfigurations = (
				A5BF5A062EA921950000C434 /* Debug */,
				A5BF5A072EA921950000C434 /* Release */,
			);
			defaultConfigurationIsVisible = 0;
			defaultConfigurationName = Release;
		};
		A5BF5A082EA921950000C434 /* Build configuration list for PBXNativeTarget "PerformanceTracker" */ = {
			isa = XCConfigurationList;
			buildConfigurations = (
				A5BF5A092EA921950000C434 /* Debug */,
				A5BF5A0A2EA921950000C434 /* Release */,
			);
			defaultConfigurationIsVisible = 0;
			defaultConfigurationName = Release;
		};
		A5BF5A0B2EA921950000C434 /* Build configuration list for PBXNativeTarget "PerformanceTrackerTests" */ = {
			isa = XCConfigurationList;
			buildConfigurations = (
				A5BF5A0C2EA921950000C434 /* Debug */,
				A5BF5A0D2EA921950000C434 /* Release */,
			);
			defaultConfigurationIsVisible = 0;
			defaultConfigurationName = Release;
		};
		A5BF5A0E2EA921950000C434 /* Build configuration list for PBXNativeTarget "PerformanceTrackerUITests" */ = {
			isa = XCConfigurationList;
			buildConfigurations = (
				A5BF5A0F2EA921950000C434 /* Debug */,
				A5BF5A102EA921950000C434 /* Release */,
			);
			defaultConfigurationIsVisible = 0;
			defaultConfigurationName = Release;
		};
/* End XCConfigurationList section */

/* Begin XCRemoteSwiftPackageReference section */
		A59AF8F42EAAB44A007A135F /* XCRemoteSwiftPackageReference "firebase-ios-sdk" */ = {
			isa = XCRemoteSwiftPackageReference;
			repositoryURL = "https://github.com/firebase/firebase-ios-sdk";
			requirement = {
				kind = upToNextMajorVersion;
				minimumVersion = 12.4.0;
			};
		};
/* End XCRemoteSwiftPackageReference section */

/* Begin XCSwiftPackageProductDependency section */
		A59AF8F52EAAB44A007A135F /* FirebaseCore */ = {
			isa = XCSwiftPackageProductDependency;
			package = A59AF8F42EAAB44A007A135F /* XCRemoteSwiftPackageReference "firebase-ios-sdk" */;
			productName = FirebaseCore;
		};
		A59AF8F72EAAB44A007A135F /* FirebaseFirestore */ = {
			isa = XCSwiftPackageProductDependency;
			package = A59AF8F42EAAB44A007A135F /* XCRemoteSwiftPackageReference "firebase-ios-sdk" */;
			productName = FirebaseFirestore;
		};
/* End XCSwiftPackageProductDependency section */
	};
	rootObject = A5BF59D72EA921940000C434 /* Project object */;
}
